
Microsoft Visual Studio Solution File, Format Version 12.00
# Visual Studio Version 17
VisualStudioVersion = 17.2.32616.157
MinimumVisualStudioVersion = 10.0.40219.1
Project("{FAE04EC0-301F-11D3-BF4B-00C04F79EFBC}") = "App_custo_viagem_com_SQLITE.Android", "App_custo_viagem_com_SQLITE\App_custo_viagem_com_SQLITE.Android\App_custo_viagem_com_SQLITE.Android.csproj", "{DDB52ADA-334A-496D-803E-C73B90A58AFC}"
EndProject
Project("{FAE04EC0-301F-11D3-BF4B-00C04F79EFBC}") = "App_custo_viagem_com_SQLITE", "App_custo_viagem_com_SQLITE\App_custo_viagem_com_SQLITE\App_custo_viagem_com_SQLITE.csproj", "{A613BDE6-2B75-4872-92B5-30F13725ED01}"
EndProject
Global
	GlobalSection(SolutionConfigurationPlatforms) = preSolution
		Debug|Any CPU = Debug|Any CPU
		Release|Any CPU = Release|Any CPU
	EndGlobalSection
	GlobalSection(ProjectConfigurationPlatforms) = postSolution
		{DDB52ADA-334A-496D-803E-C73B90A58AFC}.Debug|Any CPU.ActiveCfg = Debug|Any CPU
		{DDB52ADA-334A-496D-803E-C73B90A58AFC}.Debug|Any CPU.Build.0 = Debug|Any CPU
		{DDB52ADA-334A-496D-803E-C73B90A58AFC}.Debug|Any CPU.Deploy.0 = Debug|Any CPU
		{DDB52ADA-334A-496D-803E-C73B90A58AFC}.Release|Any CPU.ActiveCfg = Release|Any CPU
		{DDB52ADA-334A-496D-803E-C73B90A58AFC}.Release|Any CPU.Build.0 = Release|Any CPU
		{DDB52ADA-334A-496D-803E-C73B90A58AFC}.Release|Any CPU.Deploy.0 = Release|Any CPU
		{A613BDE6-2B75-4872-92B5-30F13725ED01}.Debug|Any CPU.ActiveCfg = Debug|Any CPU
		{A613BDE6-2B75-4872-92B5-30F13725ED01}.Debug|Any CPU.Build.0 = Debug|Any CPU
		{A613BDE6-2B75-4872-92B5-30F13725ED01}.Debug|Any CPU.Deploy.0 = Debug|Any CPU
		{A613BDE6-2B75-4872-92B5-30F13725ED01}.Release|Any CPU.ActiveCfg = Release|Any CPU
		{A613BDE6-2B75-4872-92B5-30F13725ED01}.Release|Any CPU.Build.0 = Release|Any CPU
		{A613BDE6-2B75-4872-92B5-30F13725ED01}.Release|Any CPU.Deploy.0 = Release|Any CPU
	EndGlobalSection
	GlobalSection(SolutionProperties) = preSolution
		HideSolutionNode = FALSE
	EndGlobalSection
	GlobalSection(ExtensibilityGlobals) = postSolution
		SolutionGuid = {AC0FF5BB-7DEC-4FB1-9A53-0A7A97D5C84E}
	EndGlobalSection
EndGlobal
